// !$*UTF8*$!
{
	archiveVersion = 1;
	classes = {
	};
	objectVersion = 50;
	objects = {

/* Begin PBXBuildFile section */
		F66253CB269F0C9800C3C4A0 /* AppDelegate.swift in Sources */ = {isa = PBXBuildFile; fileRef = F66253CA269F0C9800C3C4A0 /* AppDelegate.swift */; };
		F66253CD269F0C9800C3C4A0 /* SceneDelegate.swift in Sources */ = {isa = PBXBuildFile; fileRef = F66253CC269F0C9800C3C4A0 /* SceneDelegate.swift */; };
		F66253CF269F0C9800C3C4A0 /* ViewController.swift in Sources */ = {isa = PBXBuildFile; fileRef = F66253CE269F0C9800C3C4A0 /* ViewController.swift */; };
		F66253D2269F0C9800C3C4A0 /* Main.storyboard in Resources */ = {isa = PBXBuildFile; fileRef = F66253D0269F0C9800C3C4A0 /* Main.storyboard */; };
		F66253D4269F0C9B00C3C4A0 /* Assets.xcassets in Resources */ = {isa = PBXBuildFile; fileRef = F66253D3269F0C9B00C3C4A0 /* Assets.xcassets */; };
		F66253D7269F0C9B00C3C4A0 /* LaunchScreen.storyboard in Resources */ = {isa = PBXBuildFile; fileRef = F66253D5269F0C9B00C3C4A0 /* LaunchScreen.storyboard */; };
		F66253E4269F2BB700C3C4A0 /* A.wav in Resources */ = {isa = PBXBuildFile; fileRef = F66253E3269F2BB700C3C4A0 /* A.wav */; };
		F66253EB269F2BBF00C3C4A0 /* C.wav in Resources */ = {isa = PBXBuildFile; fileRef = F66253E5269F2BBF00C3C4A0 /* C.wav */; };
		F66253EC269F2BBF00C3C4A0 /* E.wav in Resources */ = {isa = PBXBuildFile; fileRef = F66253E6269F2BBF00C3C4A0 /* E.wav */; };
		F66253ED269F2BBF00C3C4A0 /* D.wav in Resources */ = {isa = PBXBuildFile; fileRef = F66253E7269F2BBF00C3C4A0 /* D.wav */; };
		F66253EE269F2BBF00C3C4A0 /* F.wav in Resources */ = {isa = PBXBuildFile; fileRef = F66253E8269F2BBF00C3C4A0 /* F.wav */; };
		F66253EF269F2BBF00C3C4A0 /* G.wav in Resources */ = {isa = PBXBuildFile; fileRef = F66253E9269F2BBF00C3C4A0 /* G.wav */; };
		F66253F0269F2BBF00C3C4A0 /* B.wav in Resources */ = {isa = PBXBuildFile; fileRef = F66253EA269F2BBF00C3C4A0 /* B.wav */; };
/* End PBXBuildFile section */

/* Begin PBXFileReference section */
		F66253C7269F0C9800C3C4A0 /* Xylophone.app */ = {isa = PBXFileReference; explicitFileType = wrapper.application; includeInIndex = 0; path = Xylophone.app; sourceTree = BUILT_PRODUCTS_DIR; };
		F66253CA269F0C9800C3C4A0 /* AppDelegate.swift */ = {isa = PBXFileReference; lastKnownFileType = sourcecode.swift; path = AppDelegate.swift; sourceTree = "<group>"; };
		F66253CC269F0C9800C3C4A0 /* SceneDelegate.swift */ = {isa = PBXFileReference; lastKnownFileType = sourcecode.swift; path = SceneDelegate.swift; sourceTree = "<group>"; };
		F66253CE269F0C9800C3C4A0 /* ViewController.swift */ = {isa = PBXFileReference; lastKnownFileType = sourcecode.swift; path = ViewController.swift; sourceTree = "<group>"; };
		F66253D1269F0C9800C3C4A0 /* Base */ = {isa = PBXFileReference; lastKnownFileType = file.storyboard; name = Base; path = Base.lproj/Main.storyboard; sourceTree = "<group>"; };
		F66253D3269F0C9B00C3C4A0 /* Assets.xcassets */ = {isa = PBXFileReference; lastKnownFileType = folder.assetcatalog; path = Assets.xcassets; sourceTree = "<group>"; };
		F66253D6269F0C9B00C3C4A0 /* Base */ = {isa = PBXFileReference; lastKnownFileType = file.storyboard; name = Base; path = Base.lproj/LaunchScreen.storyboard; sourceTree = "<group>"; };
		F66253D8269F0C9B00C3C4A0 /* Info.plist */ = {isa = PBXFileReference; lastKnownFileType = text.plist.xml; path = Info.plist; sourceTree = "<group>"; };
		F66253E3269F2BB700C3C4A0 /* A.wav */ = {isa = PBXFileReference; lastKnownFileType = audio.wav; path = A.wav; sourceTree = "<group>"; };
		F66253E5269F2BBF00C3C4A0 /* C.wav */ = {isa = PBXFileReference; lastKnownFileType = audio.wav; path = C.wav; sourceTree = "<group>"; };
		F66253E6269F2BBF00C3C4A0 /* E.wav */ = {isa = PBXFileReference; lastKnownFileType = audio.wav; path = E.wav; sourceTree = "<group>"; };
		F66253E7269F2BBF00C3C4A0 /* D.wav */ = {isa = PBXFileReference; lastKnownFileType = audio.wav; path = D.wav; sourceTree = "<group>"; };
		F66253E8269F2BBF00C3C4A0 /* F.wav */ = {isa = PBXFileReference; lastKnownFileType = audio.wav; path = F.wav; sourceTree = "<group>"; };
		F66253E9269F2BBF00C3C4A0 /* G.wav */ = {isa = PBXFileReference; lastKnownFileType = audio.wav; path = G.wav; sourceTree = "<group>"; };
		F66253EA269F2BBF00C3C4A0 /* B.wav */ = {isa = PBXFileReference; lastKnownFileType = audio.wav; path = B.wav; sourceTree = "<group>"; };
/* End PBXFileReference section */

/* Begin PBXFrameworksBuildPhase section */
		F66253C4269F0C9800C3C4A0 /* Frameworks */ = {
			isa = PBXFrameworksBuildPhase;
			buildActionMask = 2147483647;
			files = (
			);
			runOnlyForDeploymentPostprocessing = 0;
		};
/* End PBXFrameworksBuildPhase section */

/* Begin PBXGroup section */
		F66253BE269F0C9800C3C4A0 = {
			isa = PBXGroup;
			children = (
				F66253C9269F0C9800C3C4A0 /* Xylophone */,
				F66253C8269F0C9800C3C4A0 /* Products */,
			);
			sourceTree = "<group>";
		};
		F66253C8269F0C9800C3C4A0 /* Products */ = {
			isa = PBXGroup;
			children = (
				F66253C7269F0C9800C3C4A0 /* Xylophone.app */,
			);
			name = Products;
			sourceTree = "<group>";
		};
		F66253C9269F0C9800C3C4A0 /* Xylophone */ = {
			isa = PBXGroup;
			children = (
				F66253E2269F2B2D00C3C4A0 /* Sounds */,
				F66253CA269F0C9800C3C4A0 /* AppDelegate.swift */,
				F66253CC269F0C9800C3C4A0 /* SceneDelegate.swift */,
				F66253CE269F0C9800C3C4A0 /* ViewController.swift */,
				F66253D0269F0C9800C3C4A0 /* Main.storyboard */,
				F66253D3269F0C9B00C3C4A0 /* Assets.xcassets */,
				F66253D5269F0C9B00C3C4A0 /* LaunchScreen.storyboard */,
				F66253D8269F0C9B00C3C4A0 /* Info.plist */,
			);
			path = Xylophone;
			sourceTree = "<group>";
		};
		F66253E2269F2B2D00C3C4A0 /* Sounds */ = {
			isa = PBXGroup;
			children = (
				F66253EA269F2BBF00C3C4A0 /* B.wav */,
				F66253E5269F2BBF00C3C4A0 /* C.wav */,
				F66253E7269F2BBF00C3C4A0 /* D.wav */,
				F66253E6269F2BBF00C3C4A0 /* E.wav */,
				F66253E8269F2BBF00C3C4A0 /* F.wav */,
				F66253E9269F2BBF00C3C4A0 /* G.wav */,
				F66253E3269F2BB700C3C4A0 /* A.wav */,
			);
			path = Sounds;
			sourceTree = "<group>";
		};
/* End PBXGroup section */

/* Begin PBXNativeTarget section */
		F66253C6269F0C9800C3C4A0 /* Xylophone */ = {
			isa = PBXNativeTarget;
			buildConfigurationList = F66253DB269F0C9B00C3C4A0 /* Build configuration list for PBXNativeTarget "Xylophone" */;
			buildPhases = (
				F66253C3269F0C9800C3C4A0 /* Sources */,
				F66253C4269F0C9800C3C4A0 /* Frameworks */,
				F66253C5269F0C9800C3C4A0 /* Resources */,
			);
			buildRules = (
			);
			dependencies = (
			);
			name = Xylophone;
			productName = Xylophone;
			productReference = F66253C7269F0C9800C3C4A0 /* Xylophone.app */;
			productType = "com.apple.product-type.application";
		};
/* End PBXNativeTarget section */

/* Begin PBXProject section */
		F66253BF269F0C9800C3C4A0 /* Project object */ = {
			isa = PBXProject;
			attributes = {
				LastSwiftUpdateCheck = 1250;
				LastUpgradeCheck = 1250;
				TargetAttributes = {
					F66253C6269F0C9800C3C4A0 = {
						CreatedOnToolsVersion = 12.5.1;
					};
				};
			};
			buildConfigurationList = F66253C2269F0C9800C3C4A0 /* Build configuration list for PBXProject "Xylophone" */;
			compatibilityVersion = "Xcode 9.3";
			developmentRegion = en;
			hasScannedForEncodings = 0;
			knownRegions = (
				en,
				Base,
			);
			mainGroup = F66253BE269F0C9800C3C4A0;
			productRefGroup = F66253C8269F0C9800C3C4A0 /* Products */;
			projectDirPath = "";
			projectRoot = "";
			targets = (
				F66253C6269F0C9800C3C4A0 /* Xylophone */,
			);
		};
/* End PBXProject section */

/* Begin PBXResourcesBuildPhase section */
		F66253C5269F0C9800C3C4A0 /* Resources */ = {
			isa = PBXResourcesBuildPhase;
			buildActionMask = 2147483647;
			files = (
				F66253EF269F2BBF00C3C4A0 /* G.wav in Resources */,
				F66253F0269F2BBF00C3C4A0 /* B.wav in Resources */,
				F66253EC269F2BBF00C3C4A0 /* E.wav in Resources */,
				F66253D7269F0C9B00C3C4A0 /* LaunchScreen.storyboard in Resources */,
				F66253ED269F2BBF00C3C4A0 /* D.wav in Resources */,
				F66253D4269F0C9B00C3C4A0 /* Assets.xcassets in Resources */,
				F66253E4269F2BB700C3C4A0 /* A.wav in Resources */,
				F66253D2269F0C9800C3C4A0 /* Main.storyboard in Resources */,
				F66253EB269F2BBF00C3C4A0 /* C.wav in Resources */,
				F66253EE269F2BBF00C3C4A0 /* F.wav in Resources */,
			);
			runOnlyForDeploymentPostprocessing = 0;
		};
/* End PBXResourcesBuildPhase section */

/* Begin PBXSourcesBuildPhase section */
		F66253C3269F0C9800C3C4A0 /* Sources */ = {
			isa = PBXSourcesBuildPhase;
			buildActionMask = 2147483647;
			files = (
				F66253CF269F0C9800C3C4A0 /* ViewController.swift in Sources */,
				F66253CB269F0C9800C3C4A0 /* AppDelegate.swift in Sources */,
				F66253CD269F0C9800C3C4A0 /* SceneDelegate.swift in Sources */,
			);
			runOnlyForDeploymentPostprocessing = 0;
		};
/* End PBXSourcesBuildPhase section */

/* Begin PBXVariantGroup section */
		F66253D0269F0C9800C3C4A0 /* Main.storyboard */ = {
			isa = PBXVariantGroup;
			children = (
				F66253D1269F0C9800C3C4A0 /* Base */,
			);
			name = Main.storyboard;
			sourceTree = "<group>";
		};
		F66253D5269F0C9B00C3C4A0 /* LaunchScreen.storyboard */ = {
			isa = PBXVariantGroup;
			children = (
				F66253D6269F0C9B00C3C4A0 /* Base */,
			);
			name = LaunchScreen.storyboard;
			sourceTree = "<group>";
		};
/* End PBXVariantGroup section */

/* Begin XCBuildConfiguration section */
		F66253D9269F0C9B00C3C4A0 /* Debug */ = {
			isa = XCBuildConfiguration;
			buildSettings = {
				ALWAYS_SEARCH_USER_PATHS = NO;
				CLANG_ANALYZER_NONNULL = YES;
				CLANG_ANALYZER_NUMBER_OBJECT_CONVERSION = YES_AGGRESSIVE;
				CLANG_CXX_LANGUAGE_STANDARD = "gnu++14";
				CLANG_CXX_LIBRARY = "libc++";
				CLANG_ENABLE_MODULES = YES;
				CLANG_ENABLE_OBJC_ARC = YES;
				CLANG_ENABLE_OBJC_WEAK = YES;
				CLANG_WARN_BLOCK_CAPTURE_AUTORELEASING = YES;
				CLANG_WARN_BOOL_CONVERSION = YES;
				CLANG_WARN_COMMA = YES;
				CLANG_WARN_CONSTANT_CONVERSION = YES;
				CLANG_WARN_DEPRECATED_OBJC_IMPLEMENTATIONS = YES;
				CLANG_WARN_DIRECT_OBJC_ISA_USAGE = YES_ERROR;
				CLANG_WARN_DOCUMENTATION_COMMENTS = YES;
				CLANG_WARN_EMPTY_BODY = YES;
				CLANG_WARN_ENUM_CONVERSION = YES;
				CLANG_WARN_INFINITE_RECURSION = YES;
				CLANG_WARN_INT_CONVERSION = YES;
				CLANG_WARN_NON_LITERAL_NULL_CONVERSION = YES;
				CLANG_WARN_OBJC_IMPLICIT_RETAIN_SELF = YES;
				CLANG_WARN_OBJC_LITERAL_CONVERSION = YES;
				CLANG_WARN_OBJC_ROOT_CLASS = YES_ERROR;
				CLANG_WARN_QUOTED_INCLUDE_IN_FRAMEWORK_HEADER = YES;
				CLANG_WARN_RANGE_LOOP_ANALYSIS = YES;
				CLANG_WARN_STRICT_PROTOTYPES = YES;
				CLANG_WARN_SUSPICIOUS_MOVE = YES;
				CLANG_WARN_UNGUARDED_AVAILABILITY = YES_AGGRESSIVE;
				CLANG_WARN_UNREACHABLE_CODE = YES;
				CLANG_WARN__DUPLICATE_METHOD_MATCH = YES;
				COPY_PHASE_STRIP = NO;
				DEBUG_INFORMATION_FORMAT = dwarf;
				ENABLE_STRICT_OBJC_MSGSEND = YES;
				ENABLE_TESTABILITY = YES;
				GCC_C_LANGUAGE_STANDARD = gnu11;
				GCC_DYNAMIC_NO_PIC = NO;
				GCC_NO_COMMON_BLOCKS = YES;
				GCC_OPTIMIZATION_LEVEL = 0;
				GCC_PREPROCESSOR_DEFINITIONS = (
					"DEBUG=1",
					"$(inherited)",
				);
				GCC_WARN_64_TO_32_BIT_CONVERSION = YES;
				GCC_WARN_ABOUT_RETURN_TYPE = YES_ERROR;
				GCC_WARN_UNDECLARED_SELECTOR = YES;
				GCC_WARN_UNINITIALIZED_AUTOS = YES_AGGRESSIVE;
				GCC_WARN_UNUSED_FUNCTION = YES;
				GCC_WARN_UNUSED_VARIABLE = YES;
				IPHONEOS_DEPLOYMENT_TARGET = 14.5;
				MTL_ENABLE_DEBUG_INFO = INCLUDE_SOURCE;
				MTL_FAST_MATH = YES;
				ONLY_ACTIVE_ARCH = YES;
				SDKROOT = iphoneos;
				SWIFT_ACTIVE_COMPILATION_CONDITIONS = DEBUG;
				SWIFT_OPTIMIZATION_LEVEL = "-Onone";
			};
			name = Debug;
		};
		F66253DA269F0C9B00C3C4A0 /* Release */ = {
			isa = XCBuildConfiguration;
			buildSettings = {
				ALWAYS_SEARCH_USER_PATHS = NO;
				CLANG_ANALYZER_NONNULL = YES;
				CLANG_ANALYZER_NUMBER_OBJECT_CONVERSION = YES_AGGRESSIVE;
				CLANG_CXX_LANGUAGE_STANDARD = "gnu++14";
				CLANG_CXX_LIBRARY = "libc++";
				CLANG_ENABLE_MODULES = YES;
				CLANG_ENABLE_OBJC_ARC = YES;
				CLANG_ENABLE_OBJC_WEAK = YES;
				CLANG_WARN_BLOCK_CAPTURE_AUTORELEASING = YES;
				CLANG_WARN_BOOL_CONVERSION = YES;
				CLANG_WARN_COMMA = YES;
				CLANG_WARN_CONSTANT_CONVERSION = YES;
				CLANG_WARN_DEPRECATED_OBJC_IMPLEMENTATIONS = YES;
				CLANG_WARN_DIRECT_OBJC_ISA_USAGE = YES_ERROR;
				CLANG_WARN_DOCUMENTATION_COMMENTS = YES;
				CLANG_WARN_EMPTY_BODY = YES;
				CLANG_WARN_ENUM_CONVERSION = YES;
				CLANG_WARN_INFINITE_RECURSION = YES;
				CLANG_WARN_INT_CONVERSION = YES;
				CLANG_WARN_NON_LITERAL_NULL_CONVERSION = YES;
				CLANG_WARN_OBJC_IMPLICIT_RETAIN_SELF = YES;
				CLANG_WARN_OBJC_LITERAL_CONVERSION = YES;
				CLANG_WARN_OBJC_ROOT_CLASS = YES_ERROR;
				CLANG_WARN_QUOTED_INCLUDE_IN_FRAMEWORK_HEADER = YES;
				CLANG_WARN_RANGE_LOOP_ANALYSIS = YES;
				CLANG_WARN_STRICT_PROTOTYPES = YES;
				CLANG_WARN_SUSPICIOUS_MOVE = YES;
				CLANG_WARN_UNGUARDED_AVAILABILITY = YES_AGGRESSIVE;
				CLANG_WARN_UNREACHABLE_CODE = YES;
				CLANG_WARN__DUPLICATE_METHOD_MATCH = YES;
				COPY_PHASE_STRIP = NO;
				DEBUG_INFORMATION_FORMAT = "dwarf-with-dsym";
				ENABLE_NS_ASSERTIONS = NO;
				ENABLE_STRICT_OBJC_MSGSEND = YES;
				GCC_C_LANGUAGE_STANDARD = gnu11;
				GCC_NO_COMMON_BLOCKS = YES;
				GCC_WARN_64_TO_32_BIT_CONVERSION = YES;
				GCC_WARN_ABOUT_RETURN_TYPE = YES_ERROR;
				GCC_WARN_UNDECLARED_SELECTOR = YES;
				GCC_WARN_UNINITIALIZED_AUTOS = YES_AGGRESSIVE;
				GCC_WARN_UNUSED_FUNCTION = YES;
				GCC_WARN_UNUSED_VARIABLE = YES;
				IPHONEOS_DEPLOYMENT_TARGET = 14.5;
				MTL_ENABLE_DEBUG_INFO = NO;
				MTL_FAST_MATH = YES;
				SDKROOT = iphoneos;
				SWIFT_COMPILATION_MODE = wholemodule;
				SWIFT_OPTIMIZATION_LEVEL = "-O";
				VALIDATE_PRODUCT = YES;
			};
			name = Release;
		};
		F66253DC269F0C9B00C3C4A0 /* Debug */ = {
			isa = XCBuildConfiguration;
			buildSettings = {
				ASSETCATALOG_COMPILER_APPICON_NAME = AppIcon;
				ASSETCATALOG_COMPILER_GLOBAL_ACCENT_COLOR_NAME = AccentColor;
				CODE_SIGN_STYLE = Automatic;
				DEVELOPMENT_TEAM = 88NV4AHA5K;
				INFOPLIST_FILE = Xylophone/Info.plist;
				LD_RUNPATH_SEARCH_PATHS = (
					"$(inherited)",
					"@executable_path/Frameworks",
				);
				PRODUCT_BUNDLE_IDENTIFIER = com.stanstan.Xylophone;
				PRODUCT_NAME = "$(TARGET_NAME)";
				SWIFT_VERSION = 5.0;
				TARGETED_DEVICE_FAMILY = "1,2";
			};
			name = Debug;
		};
		F66253DD269F0C9B00C3C4A0 /* Release */ = {
			isa = XCBuildConfiguration;
			buildSettings = {
				ASSETCATALOG_COMPILER_APPICON_NAME = AppIcon;
				ASSETCATALOG_COMPILER_GLOBAL_ACCENT_COLOR_NAME = AccentColor;
				CODE_SIGN_STYLE = Automatic;
				DEVELOPMENT_TEAM = 88NV4AHA5K;
				INFOPLIST_FILE = Xylophone/Info.plist;
				LD_RUNPATH_SEARCH_PATHS = (
					"$(inherited)",
					"@executable_path/Frameworks",
				);
				PRODUCT_BUNDLE_IDENTIFIER = com.stanstan.Xylophone;
				PRODUCT_NAME = "$(TARGET_NAME)";
				SWIFT_VERSION = 5.0;
				TARGETED_DEVICE_FAMILY = "1,2";
			};
			name = Release;
		};
/* End XCBuildConfiguration section */

/* Begin XCConfigurationList section */
		F66253C2269F0C9800C3C4A0 /* Build configuration list for PBXProject "Xylophone" */ = {
			isa = XCConfigurationList;
			buildConfigurations = (
				F66253D9269F0C9B00C3C4A0 /* Debug */,
				F66253DA269F0C9B00C3C4A0 /* Release */,
			);
			defaultConfigurationIsVisible = 0;
			defaultConfigurationName = Release;
		};
		F66253DB269F0C9B00C3C4A0 /* Build configuration list for PBXNativeTarget "Xylophone" */ = {
			isa = XCConfigurationList;
			buildConfigurations = (
				F66253DC269F0C9B00C3C4A0 /* Debug */,
				F66253DD269F0C9B00C3C4A0 /* Release */,
			);
			defaultConfigurationIsVisible = 0;
			defaultConfigurationName = Release;
		};
/* End XCConfigurationList section */
	};
	rootObject = F66253BF269F0C9800C3C4A0 /* Project object */;
}
